
Microsoft Visual Studio Solution File, Format Version 12.00
# Visual Studio Version 17
VisualStudioVersion = 17.0.31919.166
MinimumVisualStudioVersion = 10.0.40219.1
Project("{2150E333-8FDC-42A3-9474-1A3956D46DE8}") = "ShopManagement", "ShopManagement", "{E26EDC7F-7E83-4014-861A-4856C2A2F054}"
EndProject
Project("{2150E333-8FDC-42A3-9474-1A3956D46DE8}") = "SM.Domin", "SM.Domin", "{95B3D369-24CC-4925-89B3-9453D290BF26}"
EndProject
Project("{2150E333-8FDC-42A3-9474-1A3956D46DE8}") = "SM.Aplication", "SM.Aplication", "{78E286B0-3095-4887-BACA-24F4328054E4}"
EndProject
Project("{2150E333-8FDC-42A3-9474-1A3956D46DE8}") = "SM.Reposetory", "SM.Reposetory", "{41471539-4C59-491C-B9F2-9264036E98E9}"
EndProject
Project("{2150E333-8FDC-42A3-9474-1A3956D46DE8}") = "SM.infrastructure", "SM.infrastructure", "{ABB473BD-906A-4DD3-9E8A-E8F676002558}"
EndProject
Project("{9A19103F-16F7-4668-BE54-9A1E7A4F7556}") = "ShopManagementDomin", "ShopManagementDomin\ShopManagementDomin.csproj", "{7D724DC7-38F7-4C1D-BFEA-B2C391F7CBB0}"
EndProject
Project("{2150E333-8FDC-42A3-9474-1A3956D46DE8}") = "01-PublicClass", "01-PublicClass", "{2DD5F2E6-6500-4F45-9884-2BC67182CAF2}"
EndProject
Project("{9A19103F-16F7-4668-BE54-9A1E7A4F7556}") = "Golbal", "Golbal\Golbal.csproj", "{7A2A22C8-15CF-4B66-A87D-BB0F0307CE45}"
EndProject
Project("{9A19103F-16F7-4668-BE54-9A1E7A4F7556}") = "ShopManagementApplication", "ShopManagementApplication\ShopManagementApplication.csproj", "{BE2F4B60-F4A2-4E07-8889-27D03DD135E4}"
EndProject
Project("{9A19103F-16F7-4668-BE54-9A1E7A4F7556}") = "ShopManagementApplactionContract", "ShopManagementApplactionContract\ShopManagementApplactionContract.csproj", "{C39CAEAB-BCC4-4E75-8186-32A1B951272B}"
EndProject
Project("{9A19103F-16F7-4668-BE54-9A1E7A4F7556}") = "OperationResult", "OperationResult\OperationResult.csproj", "{CC1E7FEB-E589-411E-BCCE-E5281FAAB116}"
EndProject
Project("{9A19103F-16F7-4668-BE54-9A1E7A4F7556}") = "Application", "Application\Application.csproj", "{3AFA9E90-C187-4184-BB42-A8C929EF7974}"
EndProject
Project("{FAE04EC0-301F-11D3-BF4B-00C04F79EFBC}") = "ShopManagmentInfrastructure", "ShopManagmentInfrastructure\ShopManagmentInfrastructure.csproj", "{804A3C80-5BEB-4A42-990B-FA09AD10D32A}"
EndProject
Global
	GlobalSection(SolutionConfigurationPlatforms) = preSolution
		Debug|Any CPU = Debug|Any CPU
		Release|Any CPU = Release|Any CPU
	EndGlobalSection
	GlobalSection(ProjectConfigurationPlatforms) = postSolution
		{7D724DC7-38F7-4C1D-BFEA-B2C391F7CBB0}.Debug|Any CPU.ActiveCfg = Debug|Any CPU
		{7D724DC7-38F7-4C1D-BFEA-B2C391F7CBB0}.Debug|Any CPU.Build.0 = Debug|Any CPU
		{7D724DC7-38F7-4C1D-BFEA-B2C391F7CBB0}.Release|Any CPU.ActiveCfg = Release|Any CPU
		{7D724DC7-38F7-4C1D-BFEA-B2C391F7CBB0}.Release|Any CPU.Build.0 = Release|Any CPU
		{7A2A22C8-15CF-4B66-A87D-BB0F0307CE45}.Debug|Any CPU.ActiveCfg = Debug|Any CPU
		{7A2A22C8-15CF-4B66-A87D-BB0F0307CE45}.Debug|Any CPU.Build.0 = Debug|Any CPU
		{7A2A22C8-15CF-4B66-A87D-BB0F0307CE45}.Release|Any CPU.ActiveCfg = Release|Any CPU
		{7A2A22C8-15CF-4B66-A87D-BB0F0307CE45}.Release|Any CPU.Build.0 = Release|Any CPU
		{BE2F4B60-F4A2-4E07-8889-27D03DD135E4}.Debug|Any CPU.ActiveCfg = Debug|Any CPU
		{BE2F4B60-F4A2-4E07-8889-27D03DD135E4}.Debug|Any CPU.Build.0 = Debug|Any CPU
		{BE2F4B60-F4A2-4E07-8889-27D03DD135E4}.Release|Any CPU.ActiveCfg = Release|Any CPU
		{BE2F4B60-F4A2-4E07-8889-27D03DD135E4}.Release|Any CPU.Build.0 = Release|Any CPU
		{C39CAEAB-BCC4-4E75-8186-32A1B951272B}.Debug|Any CPU.ActiveCfg = Debug|Any CPU
		{C39CAEAB-BCC4-4E75-8186-32A1B951272B}.Debug|Any CPU.Build.0 = Debug|Any CPU
		{C39CAEAB-BCC4-4E75-8186-32A1B951272B}.Release|Any CPU.ActiveCfg = Release|Any CPU
		{C39CAEAB-BCC4-4E75-8186-32A1B951272B}.Release|Any CPU.Build.0 = Release|Any CPU
		{CC1E7FEB-E589-411E-BCCE-E5281FAAB116}.Debug|Any CPU.ActiveCfg = Debug|Any CPU
		{CC1E7FEB-E589-411E-BCCE-E5281FAAB116}.Debug|Any CPU.Build.0 = Debug|Any CPU
		{CC1E7FEB-E589-411E-BCCE-E5281FAAB116}.Release|Any CPU.ActiveCfg = Release|Any CPU
		{CC1E7FEB-E589-411E-BCCE-E5281FAAB116}.Release|Any CPU.Build.0 = Release|Any CPU
		{3AFA9E90-C187-4184-BB42-A8C929EF7974}.Debug|Any CPU.ActiveCfg = Debug|Any CPU
		{3AFA9E90-C187-4184-BB42-A8C929EF7974}.Debug|Any CPU.Build.0 = Debug|Any CPU
		{3AFA9E90-C187-4184-BB42-A8C929EF7974}.Release|Any CPU.ActiveCfg = Release|Any CPU
		{3AFA9E90-C187-4184-BB42-A8C929EF7974}.Release|Any CPU.Build.0 = Release|Any CPU
		{804A3C80-5BEB-4A42-990B-FA09AD10D32A}.Debug|Any CPU.ActiveCfg = Debug|Any CPU
		{804A3C80-5BEB-4A42-990B-FA09AD10D32A}.Debug|Any CPU.Build.0 = Debug|Any CPU
		{804A3C80-5BEB-4A42-990B-FA09AD10D32A}.Release|Any CPU.ActiveCfg = Release|Any CPU
		{804A3C80-5BEB-4A42-990B-FA09AD10D32A}.Release|Any CPU.Build.0 = Release|Any CPU
	EndGlobalSection
	GlobalSection(SolutionProperties) = preSolution
		HideSolutionNode = FALSE
	EndGlobalSection
	GlobalSection(NestedProjects) = preSolution
		{95B3D369-24CC-4925-89B3-9453D290BF26} = {E26EDC7F-7E83-4014-861A-4856C2A2F054}
		{78E286B0-3095-4887-BACA-24F4328054E4} = {E26EDC7F-7E83-4014-861A-4856C2A2F054}
		{41471539-4C59-491C-B9F2-9264036E98E9} = {E26EDC7F-7E83-4014-861A-4856C2A2F054}
		{ABB473BD-906A-4DD3-9E8A-E8F676002558} = {E26EDC7F-7E83-4014-861A-4856C2A2F054}
		{7D724DC7-38F7-4C1D-BFEA-B2C391F7CBB0} = {95B3D369-24CC-4925-89B3-9453D290BF26}
		{7A2A22C8-15CF-4B66-A87D-BB0F0307CE45} = {2DD5F2E6-6500-4F45-9884-2BC67182CAF2}
		{BE2F4B60-F4A2-4E07-8889-27D03DD135E4} = {78E286B0-3095-4887-BACA-24F4328054E4}
		{C39CAEAB-BCC4-4E75-8186-32A1B951272B} = {78E286B0-3095-4887-BACA-24F4328054E4}
		{CC1E7FEB-E589-411E-BCCE-E5281FAAB116} = {2DD5F2E6-6500-4F45-9884-2BC67182CAF2}
		{3AFA9E90-C187-4184-BB42-A8C929EF7974} = {2DD5F2E6-6500-4F45-9884-2BC67182CAF2}
		{804A3C80-5BEB-4A42-990B-FA09AD10D32A} = {ABB473BD-906A-4DD3-9E8A-E8F676002558}
	EndGlobalSection
	GlobalSection(ExtensibilityGlobals) = postSolution
		SolutionGuid = {D783A25D-8034-4CEC-820A-A95287511897}
	EndGlobalSection
EndGlobal
